
Microsoft Visual Studio Solution File, Format Version 12.00
# Visual Studio 14
VisualStudioVersion = 14.0.23107.0
MinimumVisualStudioVersion = 10.0.40219.1
Project("{FAE04EC0-301F-11D3-BF4B-00C04F79EFBC}") = "ecspics-loader", "ecspics-loader\ecspics-loader.csproj", "{FD531248-79A9-420B-8375-5108935B48AD}"
EndProject
Global
	GlobalSection(SolutionConfigurationPlatforms) = preSolution
		Debug|Any CPU = Debug|Any CPU
		Release|Any CPU = Release|Any CPU
	EndGlobalSection
	GlobalSection(ProjectConfigurationPlatforms) = postSolution
		{FD531248-79A9-420B-8375-5108935B48AD}.Debug|Any CPU.ActiveCfg = Debug|Any CPU
		{FD531248-79A9-420B-8375-5108935B48AD}.Debug|Any CPU.Build.0 = Debug|Any CPU
		{FD531248-79A9-420B-8375-5108935B48AD}.Release|Any CPU.ActiveCfg = Release|Any CPU
		{FD531248-79A9-420B-8375-5108935B48AD}.Release|Any CPU.Build.0 = Release|Any CPU
	EndGlobalSection
	GlobalSection(SolutionProperties) = preSolution
		HideSolutionNode = FALSE
	EndGlobalSection
EndGlobal
